
Microsoft Visual Studio Solution File, Format Version 12.00
# Visual Studio Version 16
VisualStudioVersion = 16.0.30413.136
MinimumVisualStudioVersion = 10.0.40219.1
Project("{FAE04EC0-301F-11D3-BF4B-00C04F79EFBC}") = "MyWebServer", "MyWebServer\MyWebServer.csproj", "{4AD86DC2-68CD-4661-9BE4-23FE401127B6}"
EndProject
Project("{FAE04EC0-301F-11D3-BF4B-00C04F79EFBC}") = "MyWebServer.Server", "MyWebServer.Server\MyWebServer.Server.csproj", "{D8B42DCA-366E-4E78-BACC-A63CC05EC9D7}"
EndProject
Global
	GlobalSection(SolutionConfigurationPlatforms) = preSolution
		Debug|Any CPU = Debug|Any CPU
		Release|Any CPU = Release|Any CPU
	EndGlobalSection
	GlobalSection(ProjectConfigurationPlatforms) = postSolution
		{4AD86DC2-68CD-4661-9BE4-23FE401127B6}.Debug|Any CPU.ActiveCfg = Debug|Any CPU
		{4AD86DC2-68CD-4661-9BE4-23FE401127B6}.Debug|Any CPU.Build.0 = Debug|Any CPU
		{4AD86DC2-68CD-4661-9BE4-23FE401127B6}.Release|Any CPU.ActiveCfg = Release|Any CPU
		{4AD86DC2-68CD-4661-9BE4-23FE401127B6}.Release|Any CPU.Build.0 = Release|Any CPU
		{D8B42DCA-366E-4E78-BACC-A63CC05EC9D7}.Debug|Any CPU.ActiveCfg = Debug|Any CPU
		{D8B42DCA-366E-4E78-BACC-A63CC05EC9D7}.Debug|Any CPU.Build.0 = Debug|Any CPU
		{D8B42DCA-366E-4E78-BACC-A63CC05EC9D7}.Release|Any CPU.ActiveCfg = Release|Any CPU
		{D8B42DCA-366E-4E78-BACC-A63CC05EC9D7}.Release|Any CPU.Build.0 = Release|Any CPU
	EndGlobalSection
	GlobalSection(SolutionProperties) = preSolution
		HideSolutionNode = FALSE
	EndGlobalSection
	GlobalSection(ExtensibilityGlobals) = postSolution
		SolutionGuid = {06DB6B88-BDF4-4FFD-92FC-D46A3C291B45}
	EndGlobalSection
EndGlobal
